
Microsoft Visual Studio Solution File, Format Version 12.00
# Visual Studio Version 17
VisualStudioVersion = 17.0.31903.59
MinimumVisualStudioVersion = 10.0.40219.1
Project("{FAE04EC0-301F-11D3-BF4B-00C04F79EFBC}") = "CalculatorApp", "CalculatorApp\CalculatorApp.csproj", "{334616E7-5AB4-48BA-B1C1-37AD81C95D0E}"
EndProject
Project("{FAE04EC0-301F-11D3-BF4B-00C04F79EFBC}") = "CalculatorApp.Tests", "CalculatorApp.Tests\CalculatorApp.Tests.csproj", "{F6E25C74-0E27-410D-9F4A-4B3F0CD74982}"
EndProject
Global
	GlobalSection(SolutionConfigurationPlatforms) = preSolution
		Debug|Any CPU = Debug|Any CPU
		Release|Any CPU = Release|Any CPU
	EndGlobalSection
	GlobalSection(SolutionProperties) = preSolution
		HideSolutionNode = FALSE
	EndGlobalSection
	GlobalSection(ProjectConfigurationPlatforms) = postSolution
		{334616E7-5AB4-48BA-B1C1-37AD81C95D0E}.Debug|Any CPU.ActiveCfg = Debug|Any CPU
		{334616E7-5AB4-48BA-B1C1-37AD81C95D0E}.Debug|Any CPU.Build.0 = Debug|Any CPU
		{334616E7-5AB4-48BA-B1C1-37AD81C95D0E}.Release|Any CPU.ActiveCfg = Release|Any CPU
		{334616E7-5AB4-48BA-B1C1-37AD81C95D0E}.Release|Any CPU.Build.0 = Release|Any CPU
		{F6E25C74-0E27-410D-9F4A-4B3F0CD74982}.Debug|Any CPU.ActiveCfg = Debug|Any CPU
		{F6E25C74-0E27-410D-9F4A-4B3F0CD74982}.Debug|Any CPU.Build.0 = Debug|Any CPU
		{F6E25C74-0E27-410D-9F4A-4B3F0CD74982}.Release|Any CPU.ActiveCfg = Release|Any CPU
		{F6E25C74-0E27-410D-9F4A-4B3F0CD74982}.Release|Any CPU.Build.0 = Release|Any CPU
	EndGlobalSection
EndGlobal
